
Microsoft Visual Studio Solution File, Format Version 12.00
# Visual Studio Version 17
VisualStudioVersion = 17.6.33829.357
MinimumVisualStudioVersion = 10.0.40219.1
Project("{FAE04EC0-301F-11D3-BF4B-00C04F79EFBC}") = "PrimeiroProjeto", "PrimeiroProjeto.csproj", "{E3E599E1-A644-4A48-84E3-F4934773DBEB}"
EndProject
Global
	GlobalSection(SolutionConfigurationPlatforms) = preSolution
		Debug|Any CPU = Debug|Any CPU
		Release|Any CPU = Release|Any CPU
	EndGlobalSection
	GlobalSection(ProjectConfigurationPlatforms) = postSolution
		{E3E599E1-A644-4A48-84E3-F4934773DBEB}.Debug|Any CPU.ActiveCfg = Debug|Any CPU
		{E3E599E1-A644-4A48-84E3-F4934773DBEB}.Debug|Any CPU.Build.0 = Debug|Any CPU
		{E3E599E1-A644-4A48-84E3-F4934773DBEB}.Release|Any CPU.ActiveCfg = Release|Any CPU
		{E3E599E1-A644-4A48-84E3-F4934773DBEB}.Release|Any CPU.Build.0 = Release|Any CPU
	EndGlobalSection
	GlobalSection(SolutionProperties) = preSolution
		HideSolutionNode = FALSE
	EndGlobalSection
	GlobalSection(ExtensibilityGlobals) = postSolution
		SolutionGuid = {4CD9E668-646B-4176-A721-2082B290FB46}
	EndGlobalSection
EndGlobal
